# This file is automatically @generated by Cargo.
# It is not intended for manual editing.
version = 3

[[package]]
name = "cfg-if"
version = "1.0.4"
source = "registry+https://github.com/rust-lang/crates.io-index"
checksum = "9330f8b2ff13f34540b44e946ef35111825727b38d33286ef986142615121801"

[[package]]
name = "common"
version = "0.1.0"

[[package]]
name = "crc32fast"
version = "1.5.0"
source = "registry+https://github.com/rust-lang/crates.io-index"
checksum = "9481c1c90cbf2ac953f07c8d4a58aa3945c425b7185c9154d67a65e4230da511"
dependencies = [
 "cfg-if",
]

[[package]]
name = "datamodel"
version = "0.1.0"

[[package]]
name = "encoding"
version = "0.1.0"

[[package]]
name = "exec"
version = "0.1.0"

[[package]]
name = "flame"
version = "0.1.0"

[[package]]
name = "gen_data"
version = "0.1.0"

[[package]]
name = "index"
version = "0.1.0"

[[package]]
name = "inspect_chunk"
version = "0.1.0"

[[package]]
name = "lab01_chunk"
version = "0.1.0"
dependencies = [
 "common",
 "datamodel",
 "storage",
]

[[package]]
name = "lab02_encoding"
version = "0.1.0"

[[package]]
name = "lab03_vector"
version = "0.1.0"

[[package]]
name = "lab04_agg"
version = "0.1.0"

[[package]]
name = "lab05_join"
version = "0.1.0"

[[package]]
name = "lab06_opt_rule"
version = "0.1.0"

[[package]]
name = "lab07_opt_cost"
version = "0.1.0"

[[package]]
name = "lab08_skew"
version = "0.1.0"

[[package]]
name = "lab09_compaction"
version = "0.1.0"

[[package]]
name = "lab10_dist_exec"
version = "0.1.0"

[[package]]
name = "lab11_fault"
version = "0.1.0"

[[package]]
name = "lab12_project"
version = "0.1.0"

[[package]]
name = "optimizer"
version = "0.1.0"

[[package]]
name = "planner"
version = "0.1.0"

[[package]]
name = "server"
version = "0.1.0"

[[package]]
name = "storage"
version = "0.1.0"
dependencies = [
 "common",
 "crc32fast",
 "datamodel",
]
